dependencies:
  espressif/esp_audio_codec:
    component_hash: 
      04c2f0d5eca207cdfabd3aafc50ef4bca53532115ddf7689e5cfabd00eb88b02
    dependencies:
    - name: idf
      require: private
      version: '>=4.4'
    source:
      registry_url: https://components.espressif.com
      type: service
    version: 2.3.0
  espressif/esp_audio_effects:
    component_hash: 
      54af7c9a4f40703325482660ffb3a8b5f66fa56cb92f6db220f8b11ec2b6a32b
    dependencies: []
    source:
      registry_url: https://components.espressif.com
      type: service
    version: 1.1.0
  espressif/esp_audio_simple_player:
    dependencies: []
    source:
      path: C:\Users\Jim\esp32s3\components\espressif__esp_audio_simple_player
      type: local
    version: 0.9.5
  espressif/esp_codec_dev:
    component_hash: 
      0d9e9bc288156eb55f79338d312e1ebf8c9dfbd5e7d13ef0f20ccb031b4e15cf
    dependencies:
    - name: idf
      require: private
      version: '>=4.0'
    source:
      registry_url: https://components.espressif.com
      type: service
    version: 1.5.4
  espressif/esp_io_expander:
    component_hash: 
      034903704f65e3994d7cce9d080b19d89525cf6d416574b932826adf680f3942
    dependencies:
    - name: idf
      require: private
      version: '>=4.4.2'
    source:
      registry_url: https://components.espressif.com
      type: service
    version: 1.2.0
  espressif/esp_io_expander_tca95xx_16bit:
    component_hash: 
      c384d55e429775d6a1eef26512fbc33bc41823745a8c2ad6d5927729f33a2c21
    dependencies:
    - name: espressif/esp_io_expander
      registry_url: https://components.espressif.com
      require: public
      version: ^1.0.1
    - name: idf
      require: private
      version: '>=5.2'
    source:
      registry_url: https://components.espressif.com/
      type: service
    version: 2.0.1
  espressif/gmf_audio:
    component_hash: 
      7d51b18cbfe05670d92e63f87538c795ce0e9350c86e278996d51c09aa4b30e8
    dependencies:
    - name: espressif/esp_audio_codec
      registry_url: https://components.espressif.com
      require: private
      version: ~2.3
    - name: espressif/esp_audio_effects
      registry_url: https://components.espressif.com
      require: private
      version: ~1.1
    - name: espressif/gmf_core
      registry_url: https://components.espressif.com
      require: private
      version: ^0.7
    source:
      registry_url: https://components.espressif.com/
      type: service
    version: 0.7.2
  espressif/gmf_core:
    component_hash: 
      c93ce72be18e9c86380a0ce65929c23eb377c853fc58a888889e58b3f3624aed
    dependencies: []
    source:
      registry_url: https://components.espressif.com
      type: service
    version: 0.7.9
  espressif/gmf_io:
    component_hash: 
      2915da1958dc8ff584bd3920a0061b13dfc64b068d3ce68a49597fe5e90bac6f
    dependencies:
    - name: espressif/esp_codec_dev
      registry_url: https://components.espressif.com
      require: private
      version: ^1.4
    - name: espressif/gmf_core
      registry_url: https://components.espressif.com
      require: private
      version: ^0.7
    source:
      registry_url: https://components.espressif.com/
      type: service
    version: 0.7.6
  espressif/led_strip:
    component_hash: 
      f0d1b7f93eb3ee57bcfd220656176b0b5616e1947f89ed44364555cf910c4840
    dependencies:
    - name: idf
      require: private
      version: '>=5.0'
    source:
      registry_url: https://components.espressif.com/
      type: service
    version: 3.0.2
  idf:
    source:
      type: idf
    version: 5.5.2
  lvgl/lvgl:
    dependencies: []
    source:
      path: C:\Users\Jim\esp32s3\components\lvgl__lvgl
      type: local
    version: 9.3.0
direct_dependencies:
- espressif/esp_audio_simple_player
- espressif/esp_io_expander_tca95xx_16bit
- espressif/gmf_audio
- espressif/gmf_io
- espressif/led_strip
- idf
- lvgl/lvgl
manifest_hash: dc5495845c8953459f8b9f6d8c4ada5e324fc82d38fb15e415b7ee2569b2c293
target: esp32s3
version: 2.0.0
